
Microsoft Visual Studio Solution File, Format Version 12.00
# Visual Studio Version 17
VisualStudioVersion = 17.6.33723.286
MinimumVisualStudioVersion = 10.0.40219.1
Project("{FAE04EC0-301F-11D3-BF4B-00C04F79EFBC}") = "webapp", "webapp\webapp.csproj", "{465CA3AD-7916-464C-89EB-FB1558440824}"
EndProject
Global
	GlobalSection(SolutionConfigurationPlatforms) = preSolution
		Debug|Any CPU = Debug|Any CPU
		Release|Any CPU = Release|Any CPU
	EndGlobalSection
	GlobalSection(ProjectConfigurationPlatforms) = postSolution
		{465CA3AD-7916-464C-89EB-FB1558440824}.Debug|Any CPU.ActiveCfg = Debug|Any CPU
		{465CA3AD-7916-464C-89EB-FB1558440824}.Debug|Any CPU.Build.0 = Debug|Any CPU
		{465CA3AD-7916-464C-89EB-FB1558440824}.Release|Any CPU.ActiveCfg = Release|Any CPU
		{465CA3AD-7916-464C-89EB-FB1558440824}.Release|Any CPU.Build.0 = Release|Any CPU
	EndGlobalSection
	GlobalSection(SolutionProperties) = preSolution
		HideSolutionNode = FALSE
	EndGlobalSection
	GlobalSection(ExtensibilityGlobals) = postSolution
		SolutionGuid = {A08C7FF0-2ECE-4146-91E5-88E1AD875066}
	EndGlobalSection
EndGlobal
